version = 1
revision = 3
requires-python = "==3.12.*"

[[package]]
name = "aiofiles"
version = "25.1.0"
source = { registry = "https://pypi.org/simple" }
sdist = { url = "https://files.pythonhosted.org/packages/41/c3/534eac40372d8ee36ef40df62ec129bee4fdb5ad9706e58a29be53b2c970/aiofiles-25.1.0.tar.gz", hash = "sha256:a8d728f0a29de45dc521f18f07297428d56992a742f0cd2701ba86e44d23d5b2", size = 46354, upload-time = "2025-10-09T20:51:04.358Z" }
wheels = [
    { url = "https://files.pythonhosted.org/packages/bc/8a/340a1555ae33d7354dbca4faa54948d76d89a27ceef032c8c3bc661d003e/aiofiles-25.1.0-py3-none-any.whl", hash = "sha256:abe311e527c862958650f9438e859c1fa7568a141b22abcd015e120e86a85695", size = 14668, upload-time = "2025-10-09T20:51:03.174Z" },
]

[[package]]
name = "anyio"
version = "4.13.0"
source = { registry = "https://pypi.org/simple" }
dependencies = [
    { name = "idna" },
    { name = "typing-extensions" },
]
sdist = { url = "https://files.pythonhosted.org/packages/19/14/2c5dd9f512b66549ae92767a9c7b330ae88e1932ca57876909410251fe13/anyio-4.13.0.tar.gz", hash = "sha256:334b70e641fd2221c1505b3890c69882fe4a2df910cba14d97019b90b24439dc", size = 231622, upload-time = "2026-03-24T12:59:09.671Z" }
wheels = [
    { url = "https://files.pythonhosted.org/packages/da/42/e921fccf5015463e32a3cf6ee7f980a6ed0f395ceeaa45060b61d86486c2/anyio-4.13.0-py3-none-any.whl", hash = "sha256:08b310f9e24a9594186fd75b4f73f4a4152069e3853f1ed8bfbf58369f4ad708", size = 114353, upload-time = "2026-03-24T12:59:08.246Z" },
]

[[package]]
name = "blinker"
version = "1.9.0"
source = { registry = "https://pypi.org/simple" }
sdist = { url = "https://files.pythonhosted.org/packages/21/28/9b3f50ce0e048515135495f198351908d99540d69bfdc8c1d15b73dc55ce/blinker-1.9.0.tar.gz", hash = "sha256:b4ce2265a7abece45e7cc896e98dbebe6cead56bcf805a3d23136d145f5445bf", size = 22460, upload-time = "2024-11-08T17:25:47.436Z" }
wheels = [
    { url = "https://files.pythonhosted.org/packages/10/cb/f2ad4230dc2eb1a74edf38f1a38b9b52277f75bef262d8908e60d957e13c/blinker-1.9.0-py3-none-any.whl", hash = "sha256:ba0efaa9080b619ff2f3459d1d500c57bddea4a6b424b60a91141db6fd2f08bc", size = 8458, upload-time = "2024-11-08T17:25:46.184Z" },
]

[[package]]
name = "click"
version = "8.3.3"
source = { registry = "https://pypi.org/simple" }
dependencies = [
    { name = "colorama", marker = "sys_platform == 'win32'" },
]
sdist = { url = "https://files.pythonhosted.org/packages/bb/63/f9e1ea081ce35720d8b92acde70daaedace594dc93b693c869e0d5910718/click-8.3.3.tar.gz", hash = "sha256:398329ad4837b2ff7cbe1dd166a4c0f8900c3ca3a218de04466f38f6497f18a2", size = 328061, upload-time = "2026-04-22T15:11:27.506Z" }
wheels = [
    { url = "https://files.pythonhosted.org/packages/ae/44/c1221527f6a71a01ec6fbad7fa78f1d50dfa02217385cf0fa3eec7087d59/click-8.3.3-py3-none-any.whl", hash = "sha256:a2bf429bb3033c89fa4936ffb35d5cb471e3719e1f3c8a7c3fff0b8314305613", size = 110502, upload-time = "2026-04-22T15:11:25.044Z" },
]

[[package]]
name = "colorama"
version = "0.4.6"
source = { registry = "https://pypi.org/simple" }
sdist = { url = "https://files.pythonhosted.org/packages/d8/53/6f443c9a4a8358a93a6792e2acffb9d9d5cb0a5cfd8802644b7b1c9a02e4/colorama-0.4.6.tar.gz", hash = "sha256:08695f5cb7ed6e0531a20572697297273c47b8cae5a63ffc6d6ed5c201be6e44", size = 27697, upload-time = "2022-10-25T02:36:22.414Z" }
wheels = [
    { url = "https://files.pythonhosted.org/packages/d1/d6/3965ed04c63042e047cb6a3e6ed1a63a35087b6a609aa3a15ed8ac56c221/colorama-0.4.6-py2.py3-none-any.whl", hash = "sha256:4f1d9991f5acc0ca119f9d443620b77f9d6b33703e51011c16baf57afb285fc6", size = 25335, upload-time = "2022-10-25T02:36:20.889Z" },
]

[[package]]
name = "flask"
version = "3.1.3"
source = { registry = "https://pypi.org/simple" }
dependencies = [
    { name = "blinker" },
    { name = "click" },
    { name = "itsdangerous" },
    { name = "jinja2" },
    { name = "markupsafe" },
    { name = "werkzeug" },
]
sdist = { url = "https://files.pythonhosted.org/packages/26/00/35d85dcce6c57fdc871f3867d465d780f302a175ea360f62533f12b27e2b/flask-3.1.3.tar.gz", hash = "sha256:0ef0e52b8a9cd932855379197dd8f94047b359ca0a78695144304cb45f87c9eb", size = 759004, upload-time = "2026-02-19T05:00:57.678Z" }
wheels = [
    { url = "https://files.pythonhosted.org/packages/7f/9c/34f6962f9b9e9c71f6e5ed806e0d0ff03c9d1b0b2340088a0cf4bce09b18/flask-3.1.3-py3-none-any.whl", hash = "sha256:f4bcbefc124291925f1a26446da31a5178f9483862233b23c0c96a20701f670c", size = 103424, upload-time = "2026-02-19T05:00:56.027Z" },
]

[[package]]
name = "h11"
version = "0.16.0"
source = { registry = "https://pypi.org/simple" }
sdist = { url = "https://files.pythonhosted.org/packages/01/ee/02a2c011bdab74c6fb3c75474d40b3052059d95df7e73351460c8588d963/h11-0.16.0.tar.gz", hash = "sha256:4e35b956cf45792e4caa5885e69fba00bdbc6ffafbfa020300e549b208ee5ff1", size = 101250, upload-time = "2025-04-24T03:35:25.427Z" }
wheels = [
    { url = "https://files.pythonhosted.org/packages/04/4b/29cac41a4d98d144bf5f6d33995617b185d14b22401f75ca86f384e87ff1/h11-0.16.0-py3-none-any.whl", hash = "sha256:63cf8bbe7522de3bf65932fda1d9c2772064ffb3dae62d55932da54b31cb6c86", size = 37515, upload-time = "2025-04-24T03:35:24.344Z" },
]

[[package]]
name = "h2"
version = "4.3.0"
source = { registry = "https://pypi.org/simple" }
dependencies = [
    { name = "hpack" },
    { name = "hyperframe" },
]
sdist = { url = "https://files.pythonhosted.org/packages/1d/17/afa56379f94ad0fe8defd37d6eb3f89a25404ffc71d4d848893d270325fc/h2-4.3.0.tar.gz", hash = "sha256:6c59efe4323fa18b47a632221a1888bd7fde6249819beda254aeca909f221bf1", size = 2152026, upload-time = "2025-08-23T18:12:19.778Z" }
wheels = [
    { url = "https://files.pythonhosted.org/packages/69/b2/119f6e6dcbd96f9069ce9a2665e0146588dc9f88f29549711853645e736a/h2-4.3.0-py3-none-any.whl", hash = "sha256:c438f029a25f7945c69e0ccf0fb951dc3f73a5f6412981daee861431b70e2bdd", size = 61779, upload-time = "2025-08-23T18:12:17.779Z" },
]

[[package]]
name = "hpack"
version = "4.1.0"
source = { registry = "https://pypi.org/simple" }
sdist = { url = "https://files.pythonhosted.org/packages/2c/48/71de9ed269fdae9c8057e5a4c0aa7402e8bb16f2c6e90b3aa53327b113f8/hpack-4.1.0.tar.gz", hash = "sha256:ec5eca154f7056aa06f196a557655c5b009b382873ac8d1e66e79e87535f1dca", size = 51276, upload-time = "2025-01-22T21:44:58.347Z" }
wheels = [
    { url = "https://files.pythonhosted.org/packages/07/c6/80c95b1b2b94682a72cbdbfb85b81ae2daffa4291fbfa1b1464502ede10d/hpack-4.1.0-py3-none-any.whl", hash = "sha256:157ac792668d995c657d93111f46b4535ed114f0c9c8d672271bbec7eae1b496", size = 34357, upload-time = "2025-01-22T21:44:56.92Z" },
]

[[package]]
name = "hypercorn"
version = "0.18.0"
source = { registry = "https://pypi.org/simple" }
dependencies = [
    { name = "h11" },
    { name = "h2" },
    { name = "priority" },
    { name = "wsproto" },
]
sdist = { url = "https://files.pythonhosted.org/packages/44/01/39f41a014b83dd5c795217362f2ca9071cf243e6a75bdcd6cd5b944658cc/hypercorn-0.18.0.tar.gz", hash = "sha256:d63267548939c46b0247dc8e5b45a9947590e35e64ee73a23c074aa3cf88e9da", size = 68420, upload-time = "2025-11-08T13:54:04.78Z" }
wheels = [
    { url = "https://files.pythonhosted.org/packages/93/35/850277d1b17b206bd10874c8a9a3f52e059452fb49bb0d22cbb908f6038b/hypercorn-0.18.0-py3-none-any.whl", hash = "sha256:225e268f2c1c2f28f6d8f6db8f40cb8c992963610c5725e13ccfcddccb24b1cd", size = 61640, upload-time = "2025-11-08T13:54:03.202Z" },
]

[[package]]
name = "hyperframe"
version = "6.1.0"
source = { registry = "https://pypi.org/simple" }
sdist = { url = "https://files.pythonhosted.org/packages/02/e7/94f8232d4a74cc99514c13a9f995811485a6903d48e5d952771ef6322e30/hyperframe-6.1.0.tar.gz", hash = "sha256:f630908a00854a7adeabd6382b43923a4c4cd4b821fcb527e6ab9e15382a3b08", size = 26566, upload-time = "2025-01-22T21:41:49.302Z" }
wheels = [
    { url = "https://files.pythonhosted.org/packages/48/30/47d0bf6072f7252e6521f3447ccfa40b421b6824517f82854703d0f5a98b/hyperframe-6.1.0-py3-none-any.whl", hash = "sha256:b03380493a519fce58ea5af42e4a42317bf9bd425596f7a0835ffce80f1a42e5", size = 13007, upload-time = "2025-01-22T21:41:47.295Z" },
]

[[package]]
name = "idna"
version = "3.13"
source = { registry = "https://pypi.org/simple" }
sdist = { url = "https://files.pythonhosted.org/packages/ce/cc/762dfb036166873f0059f3b7de4565e1b5bc3d6f28a414c13da27e442f99/idna-3.13.tar.gz", hash = "sha256:585ea8fe5d69b9181ec1afba340451fba6ba764af97026f92a91d4eef164a242", size = 194210, upload-time = "2026-04-22T16:42:42.314Z" }
wheels = [
    { url = "https://files.pythonhosted.org/packages/5d/13/ad7d7ca3808a898b4612b6fe93cde56b53f3034dcde235acb1f0e1df24c6/idna-3.13-py3-none-any.whl", hash = "sha256:892ea0cde124a99ce773decba204c5552b69c3c67ffd5f232eb7696135bc8bb3", size = 68629, upload-time = "2026-04-22T16:42:40.909Z" },
]

[[package]]
name = "itsdangerous"
version = "2.2.0"
source = { registry = "https://pypi.org/simple" }
sdist = { url = "https://files.pythonhosted.org/packages/9c/cb/8ac0172223afbccb63986cc25049b154ecfb5e85932587206f42317be31d/itsdangerous-2.2.0.tar.gz", hash = "sha256:e0050c0b7da1eea53ffaf149c0cfbb5c6e2e2b69c4bef22c81fa6eb73e5f6173", size = 54410, upload-time = "2024-04-16T21:28:15.614Z" }
wheels = [
    { url = "https://files.pythonhosted.org/packages/04/96/92447566d16df59b2a776c0fb82dbc4d9e07cd95062562af01e408583fc4/itsdangerous-2.2.0-py3-none-any.whl", hash = "sha256:c6242fc49e35958c8b15141343aa660db5fc54d4f13a1db01a3f5891b98700ef", size = 16234, upload-time = "2024-04-16T21:28:14.499Z" },
]

[[package]]
name = "jinja2"
version = "3.1.6"
source = { registry = "https://pypi.org/simple" }
dependencies = [
    { name = "markupsafe" },
]
sdist = { url = "https://files.pythonhosted.org/packages/df/bf/f7da0350254c0ed7c72f3e33cef02e048281fec7ecec5f032d4aac52226b/jinja2-3.1.6.tar.gz", hash = "sha256:0137fb05990d35f1275a587e9aee6d56da821fc83491a0fb838183be43f66d6d", size = 245115, upload-time = "2025-03-05T20:05:02.478Z" }
wheels = [
    { url = "https://files.pythonhosted.org/packages/62/a1/3d680cbfd5f4b8f15abc1d571870c5fc3e594bb582bc3b64ea099db13e56/jinja2-3.1.6-py3-none-any.whl", hash = "sha256:85ece4451f492d0c13c5dd7c13a64681a86afae63a5f347908daf103ce6d2f67", size = 134899, upload-time = "2025-03-05T20:05:00.369Z" },
]

[[package]]
name = "librt"
version = "0.9.0"
source = { registry = "https://pypi.org/simple" }
sdist = { url = "https://files.pythonhosted.org/packages/eb/6b/3d5c13fb3e3c4f43206c8f9dfed13778c2ed4f000bacaa0b7ce3c402a265/librt-0.9.0.tar.gz", hash = "sha256:a0951822531e7aee6e0dfb556b30d5ee36bbe234faf60c20a16c01be3530869d", size = 184368, upload-time = "2026-04-09T16:06:26.173Z" }
wheels = [
    { url = "https://files.pythonhosted.org/packages/bf/90/89ddba8e1c20b0922783cd93ed8e64f34dc05ab59c38a9c7e313632e20ff/librt-0.9.0-cp312-cp312-macosx_10_13_x86_64.whl", hash = "sha256:9b3e3bc363f71bda1639a4ee593cb78f7fbfeacc73411ec0d4c92f00730010a4", size = 68332, upload-time = "2026-04-09T16:05:00.09Z" },
    { url = "https://files.pythonhosted.org/packages/a8/40/7aa4da1fb08bdeeb540cb07bfc8207cb32c5c41642f2594dbd0098a0662d/librt-0.9.0-cp312-cp312-macosx_11_0_arm64.whl", hash = "sha256:0a09c2f5869649101738653a9b7ab70cf045a1105ac66cbb8f4055e61df78f2d", size = 70581, upload-time = "2026-04-09T16:05:01.213Z" },
    { url = "https://files.pythonhosted.org/packages/48/ac/73a2187e1031041e93b7e3a25aae37aa6f13b838c550f7e0f06f66766212/librt-0.9.0-cp312-cp312-manylinux1_i686.manylinux_2_28_i686.manylinux_2_5_i686.whl", hash = "sha256:5ca8e133d799c948db2ab1afc081c333a825b5540475164726dcbf73537e5c2f", size = 203984, upload-time = "2026-04-09T16:05:02.542Z" },
    { url = "https://files.pythonhosted.org/packages/5e/3d/23460d571e9cbddb405b017681df04c142fb1b04cbfce77c54b08e28b108/librt-0.9.0-cp312-cp312-manylinux2014_aarch64.manylinux_2_17_aarch64.manylinux_2_28_aarch64.whl", hash = "sha256:603138ee838ee1583f1b960b62d5d0007845c5c423feb68e44648b1359014e27", size = 215762, upload-time = "2026-04-09T16:05:04.127Z" },
    { url = "https://files.pythonhosted.org/packages/de/1e/42dc7f8ab63e65b20640d058e63e97fd3e482c1edbda3570d813b4d0b927/librt-0.9.0-cp312-cp312-manylinux2014_x86_64.manylinux_2_17_x86_64.manylinux_2_28_x86_64.whl", hash = "sha256:f4003f70c56a5addd6aa0897f200dd59afd3bf7bcd5b3cce46dd21f925743bc2", size = 230288, upload-time = "2026-04-09T16:05:05.883Z" },
    { url = "https://files.pythonhosted.org/packages/dc/08/ca812b6d8259ad9ece703397f8ad5c03af5b5fedfce64279693d3ce4087c/librt-0.9.0-cp312-cp312-manylinux_2_31_riscv64.manylinux_2_39_riscv64.whl", hash = "sha256:78042f6facfd98ecb25e9829c7e37cce23363d9d7c83bc5f72702c5059eb082b", size = 224103, upload-time = "2026-04-09T16:05:07.148Z" },
    { url = "https://files.pythonhosted.org/packages/b6/3f/620490fb2fa66ffd44e7f900254bc110ebec8dac6c1b7514d64662570e6f/librt-0.9.0-cp312-cp312-musllinux_1_2_aarch64.whl", hash = "sha256:a361c9434a64d70a7dbb771d1de302c0cc9f13c0bffe1cf7e642152814b35265", size = 232122, upload-time = "2026-04-09T16:05:08.386Z" },
    { url = "https://files.pythonhosted.org/packages/e9/83/12864700a1b6a8be458cf5d05db209b0d8e94ae281e7ec261dbe616597b4/librt-0.9.0-cp312-cp312-musllinux_1_2_i686.whl", hash = "sha256:dd2c7e082b0b92e1baa4da28163a808672485617bc855cc22a2fd06978fa9084", size = 225045, upload-time = "2026-04-09T16:05:09.707Z" },
    { url = "https://files.pythonhosted.org/packages/fd/1b/845d339c29dc7dbc87a2e992a1ba8d28d25d0e0372f9a0a2ecebde298186/librt-0.9.0-cp312-cp312-musllinux_1_2_riscv64.whl", hash = "sha256:7e6274fd33fc5b2a14d41c9119629d3ff395849d8bcbc80cf637d9e8d2034da8", size = 227372, upload-time = "2026-04-09T16:05:10.942Z" },
    { url = "https://files.pythonhosted.org/packages/8d/fe/277985610269d926a64c606f761d58d3db67b956dbbf40024921e95e7fcb/librt-0.9.0-cp312-cp312-musllinux_1_2_x86_64.whl", hash = "sha256:5093043afb226ecfa1400120d1ebd4442b4f99977783e4f4f7248879009b227f", size = 248224, upload-time = "2026-04-09T16:05:12.254Z" },
    { url = "https://files.pythonhosted.org/packages/92/1b/ee486d244b8de6b8b5dbaefabe6bfdd4a72e08f6353edf7d16d27114da8d/librt-0.9.0-cp312-cp312-win32.whl", hash = "sha256:9edcc35d1cae9fd5320171b1a838c7da8a5c968af31e82ecc3dff30b4be0957f", size = 55986, upload-time = "2026-04-09T16:05:13.529Z" },
    { url = "https://files.pythonhosted.org/packages/89/7a/ba1737012308c17dc6d5516143b5dce9a2c7ba3474afd54e11f44a4d1ef3/librt-0.9.0-cp312-cp312-win_amd64.whl", hash = "sha256:3cc2917258e131ae5f958a4d872e07555b51cb7466a43433218061c74ef33745", size = 63260, upload-time = "2026-04-09T16:05:14.68Z" },
    { url = "https://files.pythonhosted.org/packages/36/e4/01752c113da15127f18f7bf11142f5640038f062407a611c059d0036c6aa/librt-0.9.0-cp312-cp312-win_arm64.whl", hash = "sha256:90e6d5420fc8a300518d4d2288154ff45005e920425c22cbbfe8330f3f754bd9", size = 53694, upload-time = "2026-04-09T16:05:16.095Z" },
]

[[package]]
name = "markupsafe"
version = "3.0.3"
source = { registry = "https://pypi.org/simple" }
sdist = { url = "https://files.pythonhosted.org/packages/7e/99/7690b6d4034fffd95959cbe0c02de8deb3098cc577c67bb6a24fe5d7caa7/markupsafe-3.0.3.tar.gz", hash = "sha256:722695808f4b6457b320fdc131280796bdceb04ab50fe1795cd540799ebe1698", size = 80313, upload-time = "2025-09-27T18:37:40.426Z" }
wheels = [
    { url = "https://files.pythonhosted.org/packages/5a/72/147da192e38635ada20e0a2e1a51cf8823d2119ce8883f7053879c2199b5/markupsafe-3.0.3-cp312-cp312-macosx_10_13_x86_64.whl", hash = "sha256:d53197da72cc091b024dd97249dfc7794d6a56530370992a5e1a08983ad9230e", size = 11615, upload-time = "2025-09-27T18:36:30.854Z" },
    { url = "https://files.pythonhosted.org/packages/9a/81/7e4e08678a1f98521201c3079f77db69fb552acd56067661f8c2f534a718/markupsafe-3.0.3-cp312-cp312-macosx_11_0_arm64.whl", hash = "sha256:1872df69a4de6aead3491198eaf13810b565bdbeec3ae2dc8780f14458ec73ce", size = 12020, upload-time = "2025-09-27T18:36:31.971Z" },
    { url = "https://files.pythonhosted.org/packages/1e/2c/799f4742efc39633a1b54a92eec4082e4f815314869865d876824c257c1e/markupsafe-3.0.3-cp312-cp312-manylinux2014_aarch64.manylinux_2_17_aarch64.manylinux_2_28_aarch64.whl", hash = "sha256:3a7e8ae81ae39e62a41ec302f972ba6ae23a5c5396c8e60113e9066ef893da0d", size = 24332, upload-time = "2025-09-27T18:36:32.813Z" },
    { url = "https://files.pythonhosted.org/packages/3c/2e/8d0c2ab90a8c1d9a24f0399058ab8519a3279d1bd4289511d74e909f060e/markupsafe-3.0.3-cp312-cp312-manylinux2014_x86_64.manylinux_2_17_x86_64.manylinux_2_28_x86_64.whl", hash = "sha256:d6dd0be5b5b189d31db7cda48b91d7e0a9795f31430b7f271219ab30f1d3ac9d", size = 22947, upload-time = "2025-09-27T18:36:33.86Z" },
    { url = "https://files.pythonhosted.org/packages/2c/54/887f3092a85238093a0b2154bd629c89444f395618842e8b0c41783898ea/markupsafe-3.0.3-cp312-cp312-manylinux_2_31_riscv64.manylinux_2_39_riscv64.whl", hash = "sha256:94c6f0bb423f739146aec64595853541634bde58b2135f27f61c1ffd1cd4d16a", size = 21962, upload-time = "2025-09-27T18:36:35.099Z" },
    { url = "https://files.pythonhosted.org/packages/c9/2f/336b8c7b6f4a4d95e91119dc8521402461b74a485558d8f238a68312f11c/markupsafe-3.0.3-cp312-cp312-musllinux_1_2_aarch64.whl", hash = "sha256:be8813b57049a7dc738189df53d69395eba14fb99345e0a5994914a3864c8a4b", size = 23760, upload-time = "2025-09-27T18:36:36.001Z" },
    { url = "https://files.pythonhosted.org/packages/32/43/67935f2b7e4982ffb50a4d169b724d74b62a3964bc1a9a527f5ac4f1ee2b/markupsafe-3.0.3-cp312-cp312-musllinux_1_2_riscv64.whl", hash = "sha256:83891d0e9fb81a825d9a6d61e3f07550ca70a076484292a70fde82c4b807286f", size = 21529, upload-time = "2025-09-27T18:36:36.906Z" },
    { url = "https://files.pythonhosted.org/packages/89/e0/4486f11e51bbba8b0c041098859e869e304d1c261e59244baa3d295d47b7/markupsafe-3.0.3-cp312-cp312-musllinux_1_2_x86_64.whl", hash = "sha256:77f0643abe7495da77fb436f50f8dab76dbc6e5fd25d39589a0f1fe6548bfa2b", size = 23015, upload-time = "2025-09-27T18:36:37.868Z" },
    { url = "https://files.pythonhosted.org/packages/2f/e1/78ee7a023dac597a5825441ebd17170785a9dab23de95d2c7508ade94e0e/markupsafe-3.0.3-cp312-cp312-win32.whl", hash = "sha256:d88b440e37a16e651bda4c7c2b930eb586fd15ca7406cb39e211fcff3bf3017d", size = 14540, upload-time = "2025-09-27T18:36:38.761Z" },
    { url = "https://files.pythonhosted.org/packages/aa/5b/bec5aa9bbbb2c946ca2733ef9c4ca91c91b6a24580193e891b5f7dbe8e1e/markupsafe-3.0.3-cp312-cp312-win_amd64.whl", hash = "sha256:26a5784ded40c9e318cfc2bdb30fe164bdb8665ded9cd64d500a34fb42067b1c", size = 15105, upload-time = "2025-09-27T18:36:39.701Z" },
    { url = "https://files.pythonhosted.org/packages/e5/f1/216fc1bbfd74011693a4fd837e7026152e89c4bcf3e77b6692fba9923123/markupsafe-3.0.3-cp312-cp312-win_arm64.whl", hash = "sha256:35add3b638a5d900e807944a078b51922212fb3dedb01633a8defc4b01a3c85f", size = 13906, upload-time = "2025-09-27T18:36:40.689Z" },
]

[[package]]
name = "md-notes"
version = "0.1.0"
source = { editable = "." }
dependencies = [
    { name = "hypercorn" },
    { name = "pycrdt" },
    { name = "pycrdt-websocket" },
    { name = "quart" },
    { name = "quart-cors" },
]

[package.dev-dependencies]
dev = [
    { name = "mypy" },
    { name = "ruff" },
]

[package.metadata]
requires-dist = [
    { name = "hypercorn", specifier = ">=0.17" },
    { name = "pycrdt", specifier = ">=0.12" },
    { name = "pycrdt-websocket", specifier = ">=0.16" },
    { name = "quart", specifier = ">=0.20" },
    { name = "quart-cors", specifier = ">=0.8" },
]

[package.metadata.requires-dev]
dev = [
    { name = "mypy" },
    { name = "ruff" },
]

[[package]]
name = "mypy"
version = "1.20.2"
source = { registry = "https://pypi.org/simple" }
dependencies = [
    { name = "librt", marker = "platform_python_implementation != 'PyPy'" },
    { name = "mypy-extensions" },
    { name = "pathspec" },
    { name = "typing-extensions" },
]
sdist = { url = "https://files.pythonhosted.org/packages/04/af/e3d4b3e9ec91a0ff9aabfdb38692952acf49bbb899c2e4c29acb3a6da3ae/mypy-1.20.2.tar.gz", hash = "sha256:e8222c26daaafd9e8626dec58ae36029f82585890589576f769a650dd20fd665", size = 3817349, upload-time = "2026-04-21T17:12:28.473Z" }
wheels = [
    { url = "https://files.pythonhosted.org/packages/71/4e/7560e4528db9e9b147e4c0f22660466bf30a0a1fe3d63d1b9d3b0fd354ee/mypy-1.20.2-cp312-cp312-macosx_10_13_x86_64.whl", hash = "sha256:4dbfcf869f6b0517f70cf0030ba6ea1d6645e132337a7d5204a18d8d5636c02b", size = 14539393, upload-time = "2026-04-21T17:07:12.52Z" },
    { url = "https://files.pythonhosted.org/packages/32/d9/34a5efed8124f5a9234f55ac6a4ced4201e2c5b81e1109c49ad23190ec8c/mypy-1.20.2-cp312-cp312-macosx_11_0_arm64.whl", hash = "sha256:4b6481b228d072315b053210b01ac320e1be243dc17f9e5887ef167f23f5fae4", size = 13361642, upload-time = "2026-04-21T17:06:53.742Z" },
    { url = "https://files.pythonhosted.org/packages/d1/14/eb377acf78c03c92d566a1510cda8137348215b5335085ef662ab82ecd3a/mypy-1.20.2-cp312-cp312-manylinux2014_aarch64.manylinux_2_17_aarch64.manylinux_2_28_aarch64.whl", hash = "sha256:34397cdced6b90b836e38182076049fdb41424322e0b0728c946b0939ebdf9f6", size = 13740347, upload-time = "2026-04-21T17:12:04.73Z" },
    { url = "https://files.pythonhosted.org/packages/b9/94/7e4634a32b641aa1c112422eed1bbece61ee16205f674190e8b536f884de/mypy-1.20.2-cp312-cp312-manylinux2014_x86_64.manylinux_2_17_x86_64.manylinux_2_28_x86_64.whl", hash = "sha256:a5da6976f20cae27059ea8d0c86e7cef3de720e04c4bb9ee18e3690fdb792066", size = 14734042, upload-time = "2026-04-21T17:07:43.16Z" },
    { url = "https://files.pythonhosted.org/packages/7a/f3/f7e62395cb7f434541b4491a01149a4439e28ace4c0c632bbf5431e92d1f/mypy-1.20.2-cp312-cp312-musllinux_1_2_x86_64.whl", hash = "sha256:56908d7e08318d39f85b1f0c6cfd47b0cac1a130da677630dac0de3e0623e102", size = 14964958, upload-time = "2026-04-21T17:11:00.665Z" },
    { url = "https://files.pythonhosted.org/packages/3e/0d/47e3c3a0ec2a876e35aeac365df3cac7776c36bbd4ed18cc521e1b9d255b/mypy-1.20.2-cp312-cp312-win_amd64.whl", hash = "sha256:d52ad8d78522da1d308789df651ee5379088e77c76cb1994858d40a426b343b9", size = 10911340, upload-time = "2026-04-21T17:10:49.179Z" },
    { url = "https://files.pythonhosted.org/packages/d6/b2/6c852d72e0ea8b01f49da817fb52539993cde327e7d010e0103dc12d0dac/mypy-1.20.2-cp312-cp312-win_arm64.whl", hash = "sha256:785b08db19c9f214dc37d65f7c165d19a30fcecb48abfa30f31b01b5acaabb58", size = 9833947, upload-time = "2026-04-21T17:09:05.267Z" },
    { url = "https://files.pythonhosted.org/packages/28/9a/f23c163e25b11074188251b0b5a0342625fc1cdb6af604757174fa9acc9b/mypy-1.20.2-py3-none-any.whl", hash = "sha256:a94c5a76ab46c5e6257c7972b6c8cff0574201ca7dc05647e33e795d78680563", size = 2637314, upload-time = "2026-04-21T17:05:54.5Z" },
]

[[package]]
name = "mypy-extensions"
version = "1.1.0"
source = { registry = "https://pypi.org/simple" }
sdist = { url = "https://files.pythonhosted.org/packages/a2/6e/371856a3fb9d31ca8dac321cda606860fa4548858c0cc45d9d1d4ca2628b/mypy_extensions-1.1.0.tar.gz", hash = "sha256:52e68efc3284861e772bbcd66823fde5ae21fd2fdb51c62a211403730b916558", size = 6343, upload-time = "2025-04-22T14:54:24.164Z" }
wheels = [
    { url = "https://files.pythonhosted.org/packages/79/7b/2c79738432f5c924bef5071f933bcc9efd0473bac3b4aa584a6f7c1c8df8/mypy_extensions-1.1.0-py3-none-any.whl", hash = "sha256:1be4cccdb0f2482337c4743e60421de3a356cd97508abadd57d47403e94f5505", size = 4963, upload-time = "2025-04-22T14:54:22.983Z" },
]

[[package]]
name = "pathspec"
version = "1.1.1"
source = { registry = "https://pypi.org/simple" }
sdist = { url = "https://files.pythonhosted.org/packages/5a/82/42f767fc1c1143d6fd36efb827202a2d997a375e160a71eb2888a925aac1/pathspec-1.1.1.tar.gz", hash = "sha256:17db5ecd524104a120e173814c90367a96a98d07c45b2e10c2f3919fff91bf5a", size = 135180, upload-time = "2026-04-27T01:46:08.907Z" }
wheels = [
    { url = "https://files.pythonhosted.org/packages/f1/d9/7fb5aa316bc299258e68c73ba3bddbc499654a07f151cba08f6153988714/pathspec-1.1.1-py3-none-any.whl", hash = "sha256:a00ce642f577bf7f473932318056212bc4f8bfdf53128c78bbd5af0b9b20b189", size = 57328, upload-time = "2026-04-27T01:46:07.06Z" },
]

[[package]]
name = "priority"
version = "2.0.0"
source = { registry = "https://pypi.org/simple" }
sdist = { url = "https://files.pythonhosted.org/packages/f5/3c/eb7c35f4dcede96fca1842dac5f4f5d15511aa4b52f3a961219e68ae9204/priority-2.0.0.tar.gz", hash = "sha256:c965d54f1b8d0d0b19479db3924c7c36cf672dbf2aec92d43fbdaf4492ba18c0", size = 24792, upload-time = "2021-06-27T10:15:05.487Z" }
wheels = [
    { url = "https://files.pythonhosted.org/packages/5e/5f/82c8074f7e84978129347c2c6ec8b6c59f3584ff1a20bc3c940a3e061790/priority-2.0.0-py3-none-any.whl", hash = "sha256:6f8eefce5f3ad59baf2c080a664037bb4725cd0a790d53d59ab4059288faf6aa", size = 8946, upload-time = "2021-06-27T10:15:03.856Z" },
]

[[package]]
name = "pycrdt"
version = "0.12.50"
source = { registry = "https://pypi.org/simple" }
dependencies = [
    { name = "anyio" },
]
sdist = { url = "https://files.pythonhosted.org/packages/5d/bd/6e049694ad7fed0baf45a62629ff2c7aa1c26e0581a4d4987e0fd39fe951/pycrdt-0.12.50.tar.gz", hash = "sha256:506d4bc00d7d566de4018dca52998ab7cf97c787363bc59440d3a3bb3336d1a0", size = 84528, upload-time = "2026-03-16T09:39:15.924Z" }
wheels = [
    { url = "https://files.pythonhosted.org/packages/39/f7/6036fba66f5cdc2d576ee218da0e437520a4df63b1170d89895a5a97e9d2/pycrdt-0.12.50-cp312-cp312-macosx_10_12_x86_64.macosx_11_0_arm64.macosx_10_12_universal2.whl", hash = "sha256:8d98bc412b2627c1b6a36c4cddbda56e31486d858be56c7bd406863a74427788", size = 1721784, upload-time = "2026-03-16T09:37:54.426Z" },
    { url = "https://files.pythonhosted.org/packages/e3/90/54199bf9a30aefa58575e515fa057339f2d44cf5d71d3cd4a57cac7cd1b6/pycrdt-0.12.50-cp312-cp312-manylinux_2_17_aarch64.manylinux2014_aarch64.whl", hash = "sha256:34c8777445948856a72e51b9c8d296029bec9f9a41f307bafd2b85bd17f6d280", size = 944834, upload-time = "2026-03-16T09:37:55.979Z" },
    { url = "https://files.pythonhosted.org/packages/9c/19/bf00f68ec847cc9cabb1226d79df1f9eb5a29c01cc33f64493bc4fdf508b/pycrdt-0.12.50-cp312-cp312-manylinux_2_17_armv7l.manylinux2014_armv7l.whl", hash = "sha256:d8a4934b4401c747c6b8bdb9eef791c76b8346487c9abc054290ce68ccb4c17d", size = 962760, upload-time = "2026-03-16T09:37:58.075Z" },
    { url = "https://files.pythonhosted.org/packages/c2/6d/f76c6b92fa257c9445d83560eb8b4a46c86e09c804c7919eb4d79d3670e9/pycrdt-0.12.50-cp312-cp312-manylinux_2_17_ppc64le.manylinux2014_ppc64le.whl", hash = "sha256:bc53c0673b8d8211caa9d28861059669c973ff937f3d59a07fb2bbbdec9602b1", size = 1136136, upload-time = "2026-03-16T09:37:59.879Z" },
    { url = "https://files.pythonhosted.org/packages/94/01/54d88b6d84336b2e0a4ca077b9c37b71b965a2c51a83c20abb9cab77b34c/pycrdt-0.12.50-cp312-cp312-manylinux_2_17_s390x.manylinux2014_s390x.whl", hash = "sha256:a98bab9d72687b0efcb1e46d9e38858ab9166209b2b1ebfe91e8d1610ccbb8fb", size = 988009, upload-time = "2026-03-16T09:38:01.849Z" },
    { url = "https://files.pythonhosted.org/packages/af/33/8fcd5dfb807d36b0a5f1c500b67a364aefda41a96e761668889691ebccc5/pycrdt-0.12.50-cp312-cp312-manylinux_2_17_x86_64.manylinux2014_x86_64.whl", hash = "sha256:ecd1437dbd2add5f6f113df5c6d8dfdea26256b3c2128a344679d7cd5930a08c", size = 956437, upload-time = "2026-03-16T09:38:03.606Z" },
    { url = "https://files.pythonhosted.org/packages/c3/9e/c740e046c9af39264f6bb6f5e8b63e237d86d4e443eb3f32dab7b51000aa/pycrdt-0.12.50-cp312-cp312-manylinux_2_5_i686.manylinux1_i686.whl", hash = "sha256:732ee0ac87d98eb114abde407d8108d91963814fa8f5c2b5fd81d46c7a39ecd9", size = 1047612, upload-time = "2026-03-16T09:38:05.095Z" },
    { url = "https://files.pythonhosted.org/packages/e1/a2/317dab0a0dc0ba8cb061dd5696e82f1f24e495474f4348aae22752ee2a0b/pycrdt-0.12.50-cp312-cp312-musllinux_1_2_aarch64.whl", hash = "sha256:8db93d578fcac1c49f777e4556909a07239ea24bd77cf6fb6160d4419fe53322", size = 1121848, upload-time = "2026-03-16T09:38:06.878Z" },
    { url = "https://files.pythonhosted.org/packages/89/8a/7532f8b1638ae367c2f8c5543b5f6b22db8bd3ad26ad62f473a9e75820b2/pycrdt-0.12.50-cp312-cp312-musllinux_1_2_armv7l.whl", hash = "sha256:a4feba6a0e062ac6eb79359456452c5f6b130292b63ccedef75bf0522883dfbc", size = 1236370, upload-time = "2026-03-16T09:38:08.425Z" },
    { url = "https://files.pythonhosted.org/packages/bb/bf/849c8c1bb438476fdbe6c534d373fba3c76f00f18172dedaacaf84f17732/pycrdt-0.12.50-cp312-cp312-musllinux_1_2_i686.whl", hash = "sha256:645ea2f2eb5a7f1227b52f815589e15dafcd7d9f11d4236f426cb1cc4ae14a02", size = 1223436, upload-time = "2026-03-16T09:38:09.928Z" },
    { url = "https://files.pythonhosted.org/packages/5d/b8/ade18494dee4269d9be1da5266e154f61bf3c863d9eb69274617599bdc04/pycrdt-0.12.50-cp312-cp312-musllinux_1_2_x86_64.whl", hash = "sha256:378c27e6ba86bbc43a690d9cb73eac875624bd7daa18965edb38bbda1b797f0a", size = 1165840, upload-time = "2026-03-16T09:38:11.71Z" },
    { url = "https://files.pythonhosted.org/packages/b5/92/8165e24aca13793dd63509f99b60e60bab2acfddfbf74b852c6f333f669b/pycrdt-0.12.50-cp312-cp312-win32.whl", hash = "sha256:3449b4c0252d6a063cd2b78e2b937ab2a82a4e2e12815a96b0fc483dcb234952", size = 695486, upload-time = "2026-03-16T09:38:13.529Z" },
    { url = "https://files.pythonhosted.org/packages/fe/bb/5c76fa1c4c9ca2feb7ec67555dc6b9e10fc8007c1beaf54b0e4b89a3cbe0/pycrdt-0.12.50-cp312-cp312-win_amd64.whl", hash = "sha256:e985b0cc4e68608d5a72c3b886a9b923128c86e6bde3d251c699f9730fcde00c", size = 748553, upload-time = "2026-03-16T09:38:15.003Z" },
]

[[package]]
name = "pycrdt-store"
version = "0.1.3"
source = { registry = "https://pypi.org/simple" }
dependencies = [
    { name = "anyio" },
    { name = "pycrdt" },
    { name = "sqlite-anyio" },
]
sdist = { url = "https://files.pythonhosted.org/packages/35/61/dfecafdc0c23f56d5bacc67de620b77a68f86085df21a8007628d6045248/pycrdt_store-0.1.3.tar.gz", hash = "sha256:12a0e263b2c07eb18bbe7203c828b88ba953cb93094ad37d22aeb6c619df2ef0", size = 14847, upload-time = "2025-12-11T13:29:11.454Z" }
wheels = [
    { url = "https://files.pythonhosted.org/packages/b9/2d/85a1b3d6e65048c0553e0d06e21b235610ff4db0ea94cbae1bd34de385d7/pycrdt_store-0.1.3-py3-none-any.whl", hash = "sha256:2e74afc856c162706d178d23d57fd3706accbe79d849e73dd413646a7025afba", size = 11948, upload-time = "2025-12-11T13:29:10.522Z" },
]

[[package]]
name = "pycrdt-websocket"
version = "0.16.0"
source = { registry = "https://pypi.org/simple" }
dependencies = [
    { name = "anyio" },
    { name = "pycrdt" },
    { name = "pycrdt-store" },
]
sdist = { url = "https://files.pythonhosted.org/packages/4f/91/a412af8792af22e7e67a7424e7b6c64baada4897777fed885a2cb825155d/pycrdt_websocket-0.16.0.tar.gz", hash = "sha256:89d4d830f41028c55cc9877635f73f94f49131ca73ffac7353d0be421150d0fd", size = 23152, upload-time = "2025-06-11T07:15:54.298Z" }
wheels = [
    { url = "https://files.pythonhosted.org/packages/f4/b7/a1dd4d149fa6279f321bd7dacab66ac31e728fbae175a7d75cf8211b1f30/pycrdt_websocket-0.16.0-py3-none-any.whl", hash = "sha256:4b9ffe47c40867b7e637922680e93471fd801b6e8d6c9f6aa688fd2a17351141", size = 14568, upload-time = "2025-06-11T07:15:52.364Z" },
]

[[package]]
name = "quart"
version = "0.20.0"
source = { registry = "https://pypi.org/simple" }
dependencies = [
    { name = "aiofiles" },
    { name = "blinker" },
    { name = "click" },
    { name = "flask" },
    { name = "hypercorn" },
    { name = "itsdangerous" },
    { name = "jinja2" },
    { name = "markupsafe" },
    { name = "werkzeug" },
]
sdist = { url = "https://files.pythonhosted.org/packages/1d/9d/12e1143a5bd2ccc05c293a6f5ae1df8fd94a8fc1440ecc6c344b2b30ce13/quart-0.20.0.tar.gz", hash = "sha256:08793c206ff832483586f5ae47018c7e40bdd75d886fee3fabbdaa70c2cf505d", size = 63874, upload-time = "2024-12-23T13:53:05.664Z" }
wheels = [
    { url = "https://files.pythonhosted.org/packages/7e/e9/cc28f21f52913adf333f653b9e0a3bf9cb223f5083a26422968ba73edd8d/quart-0.20.0-py3-none-any.whl", hash = "sha256:003c08f551746710acb757de49d9b768986fd431517d0eb127380b656b98b8f1", size = 77960, upload-time = "2024-12-23T13:53:02.842Z" },
]

[[package]]
name = "quart-cors"
version = "0.8.0"
source = { registry = "https://pypi.org/simple" }
dependencies = [
    { name = "quart" },
]
sdist = { url = "https://files.pythonhosted.org/packages/14/b1/2a65be601f3c92c913f3321ee186d10c2da4325447b4b0fca83e0c493c60/quart_cors-0.8.0.tar.gz", hash = "sha256:ac32c4931da6fba944e9e2d3f856f2db4fd82e3fb905a09646086780c221a118", size = 12466, upload-time = "2024-12-27T20:34:32.245Z" }
wheels = [
    { url = "https://files.pythonhosted.org/packages/ea/31/da390a5a10674481dea2909178973de81fa3a246c0eedcc0e1e4114f52f8/quart_cors-0.8.0-py3-none-any.whl", hash = "sha256:62dc811768e2e1704d2b99d5880e3eb26fc776832305a19ea53db66f63837767", size = 8698, upload-time = "2024-12-27T20:34:29.511Z" },
]

[[package]]
name = "ruff"
version = "0.15.12"
source = { registry = "https://pypi.org/simple" }
sdist = { url = "https://files.pythonhosted.org/packages/99/43/3291f1cc9106f4c63bdce7a8d0df5047fe8422a75b091c16b5e9355e0b11/ruff-0.15.12.tar.gz", hash = "sha256:ecea26adb26b4232c0c2ca19ccbc0083a68344180bba2a600605538ce51a40a6", size = 4643852, upload-time = "2026-04-24T18:17:14.305Z" }
wheels = [
    { url = "https://files.pythonhosted.org/packages/c3/6e/e78ffb61d4686f3d96ba3df2c801161843746dcbcbb17a1e927d4829312b/ruff-0.15.12-py3-none-linux_armv6l.whl", hash = "sha256:f86f176e188e94d6bdbc09f09bfd9dc729059ad93d0e7390b5a73efe19f8861c", size = 10640713, upload-time = "2026-04-24T18:17:22.841Z" },
    { url = "https://files.pythonhosted.org/packages/ae/08/a317bc231fb9e7b93e4ef3089501e51922ff88d6936ce5cf870c4fe55419/ruff-0.15.12-py3-none-macosx_10_12_x86_64.whl", hash = "sha256:e3bcd123364c3770b8e1b7baaf343cc99a35f197c5c6e8af79015c666c423a6c", size = 11069267, upload-time = "2026-04-24T18:17:30.105Z" },
    { url = "https://files.pythonhosted.org/packages/aa/a4/f828e9718d3dce1f5f11c39c4f65afd32783c8b2aebb2e3d259e492c47bd/ruff-0.15.12-py3-none-macosx_11_0_arm64.whl", hash = "sha256:fe87510d000220aa1ed530d4448a7c696a0cae1213e5ec30e5874287b66557b5", size = 10397182, upload-time = "2026-04-24T18:17:07.177Z" },
    { url = "https://files.pythonhosted.org/packages/71/e0/3310fc6d1b5e1fdea22bf3b1b807c7e187b581021b0d7d4514cccdb5fb71/ruff-0.15.12-py3-none-manylinux_2_17_aarch64.manylinux2014_aarch64.whl", hash = "sha256:84a1630093121375a3e2a95b4a6dc7b59e2b4ee76216e32d81aae550a832d002", size = 10758012, upload-time = "2026-04-24T18:16:55.759Z" },
    { url = "https://files.pythonhosted.org/packages/11/c1/a606911aee04c324ddaa883ae418f3569792fd3c4a10c50e0dd0a2311e1e/ruff-0.15.12-py3-none-manylinux_2_17_armv7l.manylinux2014_armv7l.whl", hash = "sha256:fb129f40f114f089ebe0ca56c0d251cf2061b17651d464bb6478dc01e69f11f5", size = 10447479, upload-time = "2026-04-24T18:16:51.677Z" },
    { url = "https://files.pythonhosted.org/packages/9d/68/4201e8444f0894f21ab4aeeaee68aa4f10b51613514a20d80bd628d57e88/ruff-0.15.12-py3-none-manylinux_2_17_i686.manylinux2014_i686.whl", hash = "sha256:b0c862b172d695db7598426b8af465e7e9ac00a3ea2a3630ee67eb82e366aaa6", size = 11234040, upload-time = "2026-04-24T18:17:16.529Z" },
    { url = "https://files.pythonhosted.org/packages/34/ff/8a6d6cf4ccc23fd67060874e832c18919d1557a0611ebef03fdb01fff11e/ruff-0.15.12-py3-none-manylinux_2_17_ppc64le.manylinux2014_ppc64le.whl", hash = "sha256:2849ea9f3484c3aca43a82f484210370319e7170df4dfe4843395ddf6c57bc33", size = 12087377, upload-time = "2026-04-24T18:17:04.944Z" },
    { url = "https://files.pythonhosted.org/packages/85/f6/c669cf73f5152f623d34e69866a46d5e6185816b19fcd5b6dd8a2d299922/ruff-0.15.12-py3-none-manylinux_2_17_s390x.manylinux2014_s390x.whl", hash = "sha256:9e77c7e51c07fe396826d5969a5b846d9cd4c402535835fb6e21ce8b28fef847", size = 11367784, upload-time = "2026-04-24T18:17:25.409Z" },
    { url = "https://files.pythonhosted.org/packages/e8/39/c61d193b8a1daaa8977f7dea9e8d8ba866e02ea7b65d32f6861693aa4c12/ruff-0.15.12-py3-none-manylinux_2_17_x86_64.manylinux2014_x86_64.whl", hash = "sha256:83b2f4f2f3b1026b5fb449b467d9264bf22067b600f7b6f41fc5958909f449d0", size = 11344088, upload-time = "2026-04-24T18:17:12.258Z" },
    { url = "https://files.pythonhosted.org/packages/c2/8d/49afab3645e31e12c590acb6d3b5b69d7aab5b81926dbaf7461f9441f37a/ruff-0.15.12-py3-none-manylinux_2_31_riscv64.whl", hash = "sha256:9ba3b8f1afd7e2e43d8943e55f249e13f9682fde09711644a6e7290eb4f3e339", size = 11271770, upload-time = "2026-04-24T18:17:02.457Z" },
    { url = "https://files.pythonhosted.org/packages/46/06/33f41fe94403e2b755481cdfb9b7ef3e4e0ed031c4581124658d935d52b4/ruff-0.15.12-py3-none-musllinux_1_2_aarch64.whl", hash = "sha256:e852ba9fdc890655e1d78f2df1499efbe0e54126bd405362154a75e2bde159c5", size = 10719355, upload-time = "2026-04-24T18:17:27.648Z" },
    { url = "https://files.pythonhosted.org/packages/0d/59/18aa4e014debbf559670e4048e39260a85c7fcee84acfd761ac01e7b8d35/ruff-0.15.12-py3-none-musllinux_1_2_armv7l.whl", hash = "sha256:dd8aed930da53780d22fc70bdf84452c843cf64f8cb4eb38984319c24c5cd5fd", size = 10462758, upload-time = "2026-04-24T18:17:32.347Z" },
    { url = "https://files.pythonhosted.org/packages/25/e7/cc9f16fd0f3b5fddcbd7ec3d6ae30c8f3fde1047f32a4093a98d633c6570/ruff-0.15.12-py3-none-musllinux_1_2_i686.whl", hash = "sha256:01da3988d225628b709493d7dc67c3b9b12c0210016b08690ef9bd27970b262b", size = 10953498, upload-time = "2026-04-24T18:17:20.674Z" },
    { url = "https://files.pythonhosted.org/packages/72/7a/a9ba7f98c7a575978698f4230c5e8cc54bbc761af34f560818f933dafa0c/ruff-0.15.12-py3-none-musllinux_1_2_x86_64.whl", hash = "sha256:9cae0f92bd5700d1213188b31cd3bdd2b315361296d10b96b8e2337d3d11f53e", size = 11447765, upload-time = "2026-04-24T18:17:09.755Z" },
    { url = "https://files.pythonhosted.org/packages/ea/f9/0ae446942c846b8266059ad8a30702a35afae55f5cdc54c5adf8d7afdc27/ruff-0.15.12-py3-none-win32.whl", hash = "sha256:d0185894e038d7043ba8fd6aee7499ece6462dc0ea9f1e260c7451807c714c20", size = 10657277, upload-time = "2026-04-24T18:17:18.591Z" },
    { url = "https://files.pythonhosted.org/packages/33/f1/9614e03e1cdcbf9437570b5400ced8a720b5db22b28d8e0f1bda429f660d/ruff-0.15.12-py3-none-win_amd64.whl", hash = "sha256:c87a162d61ab3adca47c03f7f717c68672edec7d1b5499e652331780fe74950d", size = 11837758, upload-time = "2026-04-24T18:17:00.113Z" },
    { url = "https://files.pythonhosted.org/packages/c0/98/6beb4b351e472e5f4c4613f7c35a5290b8be2497e183825310c4c3a3984b/ruff-0.15.12-py3-none-win_arm64.whl", hash = "sha256:a538f7a82d061cee7be55542aca1d86d1393d55d81d4fcc314370f4340930d4f", size = 11120821, upload-time = "2026-04-24T18:16:57.979Z" },
]

[[package]]
name = "sqlite-anyio"
version = "0.2.8"
source = { registry = "https://pypi.org/simple" }
dependencies = [
    { name = "anyio" },
    { name = "typing-extensions" },
]
sdist = { url = "https://files.pythonhosted.org/packages/20/a3/7830c95b37f1268dbb47e559d1f1ae027f3a4c36b1f7fc1b2dc5de1c5073/sqlite_anyio-0.2.8.tar.gz", hash = "sha256:d68b51a18c01a7dfa9cedbc319871ce77ab3ed0822518fb32810bb465b52d761", size = 3271, upload-time = "2026-03-02T10:37:43.466Z" }
wheels = [
    { url = "https://files.pythonhosted.org/packages/7e/aa/182981b92659df83c3eb7d6f8fb0874984d72ad688fa4054cb96bc044bb0/sqlite_anyio-0.2.8-py3-none-any.whl", hash = "sha256:bbdfefb144aed2633d2618ee1508edd3abe67a00389379360949da4671640d86", size = 4041, upload-time = "2026-03-02T10:37:42.246Z" },
]

[[package]]
name = "typing-extensions"
version = "4.15.0"
source = { registry = "https://pypi.org/simple" }
sdist = { url = "https://files.pythonhosted.org/packages/72/94/1a15dd82efb362ac84269196e94cf00f187f7ed21c242792a923cdb1c61f/typing_extensions-4.15.0.tar.gz", hash = "sha256:0cea48d173cc12fa28ecabc3b837ea3cf6f38c6d1136f85cbaaf598984861466", size = 109391, upload-time = "2025-08-25T13:49:26.313Z" }
wheels = [
    { url = "https://files.pythonhosted.org/packages/18/67/36e9267722cc04a6b9f15c7f3441c2363321a3ea07da7ae0c0707beb2a9c/typing_extensions-4.15.0-py3-none-any.whl", hash = "sha256:f0fa19c6845758ab08074a0cfa8b7aecb71c999ca73d62883bc25cc018c4e548", size = 44614, upload-time = "2025-08-25T13:49:24.86Z" },
]

[[package]]
name = "werkzeug"
version = "3.1.8"
source = { registry = "https://pypi.org/simple" }
dependencies = [
    { name = "markupsafe" },
]
sdist = { url = "https://files.pythonhosted.org/packages/dd/b2/381be8cfdee792dd117872481b6e378f85c957dd7c5bca38897b08f765fd/werkzeug-3.1.8.tar.gz", hash = "sha256:9bad61a4268dac112f1c5cd4630a56ede601b6ed420300677a869083d70a4c44", size = 875852, upload-time = "2026-04-02T18:49:14.268Z" }
wheels = [
    { url = "https://files.pythonhosted.org/packages/93/8c/2e650f2afeb7ee576912636c23ddb621c91ac6a98e66dc8d29c3c69446e1/werkzeug-3.1.8-py3-none-any.whl", hash = "sha256:63a77fb8892bf28ebc3178683445222aa500e48ebad5ec77b0ad80f8726b1f50", size = 226459, upload-time = "2026-04-02T18:49:12.72Z" },
]

[[package]]
name = "wsproto"
version = "1.3.2"
source = { registry = "https://pypi.org/simple" }
dependencies = [
    { name = "h11" },
]
sdist = { url = "https://files.pythonhosted.org/packages/c7/79/12135bdf8b9c9367b8701c2c19a14c913c120b882d50b014ca0d38083c2c/wsproto-1.3.2.tar.gz", hash = "sha256:b86885dcf294e15204919950f666e06ffc6c7c114ca900b060d6e16293528294", size = 50116, upload-time = "2025-11-20T18:18:01.871Z" }
wheels = [
    { url = "https://files.pythonhosted.org/packages/a4/f5/10b68b7b1544245097b2a1b8238f66f2fc6dcaeb24ba5d917f52bd2eed4f/wsproto-1.3.2-py3-none-any.whl", hash = "sha256:61eea322cdf56e8cc904bd3ad7573359a242ba65688716b0710a5eb12beab584", size = 24405, upload-time = "2025-11-20T18:18:00.454Z" },
]
